
Microsoft Visual Studio Solution File, Format Version 12.00
# Visual Studio 15
VisualStudioVersion = 15.0.27130.2036
MinimumVisualStudioVersion = 10.0.40219.1
Project("{FAE04EC0-301F-11D3-BF4B-00C04F79EFBC}") = "ApiDesktopClient", "ApiDesktopClient\ApiDesktopClient.csproj", "{A570B643-C51B-4CBB-9151-420FE95220AB}"
EndProject
Global
	GlobalSection(SolutionConfigurationPlatforms) = preSolution
		Debug|ARM = Debug|ARM
		Debug|x64 = Debug|x64
		Debug|x86 = Debug|x86
		Release|ARM = Release|ARM
		Release|x64 = Release|x64
		Release|x86 = Release|x86
	EndGlobalSection
	GlobalSection(ProjectConfigurationPlatforms) = postSolution
		{A570B643-C51B-4CBB-9151-420FE95220AB}.Debug|ARM.ActiveCfg = Debug|ARM
		{A570B643-C51B-4CBB-9151-420FE95220AB}.Debug|ARM.Build.0 = Debug|ARM
		{A570B643-C51B-4CBB-9151-420FE95220AB}.Debug|ARM.Deploy.0 = Debug|ARM
		{A570B643-C51B-4CBB-9151-420FE95220AB}.Debug|x64.ActiveCfg = Debug|x64
		{A570B643-C51B-4CBB-9151-420FE95220AB}.Debug|x64.Build.0 = Debug|x64
		{A570B643-C51B-4CBB-9151-420FE95220AB}.Debug|x64.Deploy.0 = Debug|x64
		{A570B643-C51B-4CBB-9151-420FE95220AB}.Debug|x86.ActiveCfg = Debug|x86
		{A570B643-C51B-4CBB-9151-420FE95220AB}.Debug|x86.Build.0 = Debug|x86
		{A570B643-C51B-4CBB-9151-420FE95220AB}.Debug|x86.Deploy.0 = Debug|x86
		{A570B643-C51B-4CBB-9151-420FE95220AB}.Release|ARM.ActiveCfg = Release|ARM
		{A570B643-C51B-4CBB-9151-420FE95220AB}.Release|ARM.Build.0 = Release|ARM
		{A570B643-C51B-4CBB-9151-420FE95220AB}.Release|ARM.Deploy.0 = Release|ARM
		{A570B643-C51B-4CBB-9151-420FE95220AB}.Release|x64.ActiveCfg = Release|x64
		{A570B643-C51B-4CBB-9151-420FE95220AB}.Release|x64.Build.0 = Release|x64
		{A570B643-C51B-4CBB-9151-420FE95220AB}.Release|x64.Deploy.0 = Release|x64
		{A570B643-C51B-4CBB-9151-420FE95220AB}.Release|x86.ActiveCfg = Release|x86
		{A570B643-C51B-4CBB-9151-420FE95220AB}.Release|x86.Build.0 = Release|x86
		{A570B643-C51B-4CBB-9151-420FE95220AB}.Release|x86.Deploy.0 = Release|x86
	EndGlobalSection
	GlobalSection(SolutionProperties) = preSolution
		HideSolutionNode = FALSE
	EndGlobalSection
	GlobalSection(ExtensibilityGlobals) = postSolution
		SolutionGuid = {E8E28B8C-3A52-4357-AE77-3ACA0E85BA19}
	EndGlobalSection
EndGlobal
